
Microsoft Visual Studio Solution File, Format Version 12.00
# Visual Studio Version 16
VisualStudioVersion = 16.0.31129.286
MinimumVisualStudioVersion = 10.0.40219.1
Project("{FAE04EC0-301F-11D3-BF4B-00C04F79EFBC}") = "UserRegisteration", "UserRegisteration\UserRegisteration.csproj", "{A95E63BE-6BAD-4D56-8AAB-E3C879DD250F}"
EndProject
Global
	GlobalSection(SolutionConfigurationPlatforms) = preSolution
		Debug|Any CPU = Debug|Any CPU
		Release|Any CPU = Release|Any CPU
	EndGlobalSection
	GlobalSection(ProjectConfigurationPlatforms) = postSolution
		{A95E63BE-6BAD-4D56-8AAB-E3C879DD250F}.Debug|Any CPU.ActiveCfg = Debug|Any CPU
		{A95E63BE-6BAD-4D56-8AAB-E3C879DD250F}.Debug|Any CPU.Build.0 = Debug|Any CPU
		{A95E63BE-6BAD-4D56-8AAB-E3C879DD250F}.Release|Any CPU.ActiveCfg = Release|Any CPU
		{A95E63BE-6BAD-4D56-8AAB-E3C879DD250F}.Release|Any CPU.Build.0 = Release|Any CPU
	EndGlobalSection
	GlobalSection(SolutionProperties) = preSolution
		HideSolutionNode = FALSE
	EndGlobalSection
	GlobalSection(ExtensibilityGlobals) = postSolution
		SolutionGuid = {01049FAC-41FE-437C-BC5B-8F24627CB5BB}
	EndGlobalSection
EndGlobal
